version = 1
revision = 2
requires-python = ">=3.12"

[[package]]
name = "grpcio"
version = "1.73.0"
source = { registry = "https://pypi.org/simple" }
sdist = { url = "https://files.pythonhosted.org/packages/8e/7b/ca3f561aeecf0c846d15e1b38921a60dffffd5d4113931198fbf455334ee/grpcio-1.73.0.tar.gz", hash = "sha256:3af4c30918a7f0d39de500d11255f8d9da4f30e94a2033e70fe2a720e184bd8e", size = 12786424, upload-time = "2025-06-09T10:08:23.365Z" }
wheels = [
    { url = "https://files.pythonhosted.org/packages/9d/4d/e938f3a0e51a47f2ce7e55f12f19f316e7074770d56a7c2765e782ec76bc/grpcio-1.73.0-cp312-cp312-linux_armv7l.whl", hash = "sha256:fb9d7c27089d9ba3746f18d2109eb530ef2a37452d2ff50f5a6696cd39167d3b", size = 5334911, upload-time = "2025-06-09T10:03:33.494Z" },
    { url = "https://files.pythonhosted.org/packages/13/56/f09c72c43aa8d6f15a71f2c63ebdfac9cf9314363dea2598dc501d8370db/grpcio-1.73.0-cp312-cp312-macosx_11_0_universal2.whl", hash = "sha256:128ba2ebdac41e41554d492b82c34586a90ebd0766f8ebd72160c0e3a57b9155", size = 10601460, upload-time = "2025-06-09T10:03:36.613Z" },
    { url = "https://files.pythonhosted.org/packages/20/e3/85496edc81e41b3c44ebefffc7bce133bb531120066877df0f910eabfa19/grpcio-1.73.0-cp312-cp312-manylinux_2_17_aarch64.whl", hash = "sha256:068ecc415f79408d57a7f146f54cdf9f0acb4b301a52a9e563973dc981e82f3d", size = 5759191, upload-time = "2025-06-09T10:03:39.838Z" },
    { url = "https://files.pythonhosted.org/packages/88/cc/fef74270a6d29f35ad744bfd8e6c05183f35074ff34c655a2c80f3b422b2/grpcio-1.73.0-cp312-cp312-manylinux_2_17_i686.manylinux2014_i686.whl", hash = "sha256:6ddc1cfb2240f84d35d559ade18f69dcd4257dbaa5ba0de1a565d903aaab2968", size = 6409961, upload-time = "2025-06-09T10:03:42.706Z" },
    { url = "https://files.pythonhosted.org/packages/b0/e6/13cfea15e3b8f79c4ae7b676cb21fab70978b0fde1e1d28bb0e073291290/grpcio-1.73.0-cp312-cp312-manylinux_2_17_x86_64.manylinux2014_x86_64.whl", hash = "sha256:e53007f70d9783f53b41b4cf38ed39a8e348011437e4c287eee7dd1d39d54b2f", size = 6003948, upload-time = "2025-06-09T10:03:44.96Z" },
    { url = "https://files.pythonhosted.org/packages/c2/ed/b1a36dad4cc0dbf1f83f6d7b58825fefd5cc9ff3a5036e46091335649473/grpcio-1.73.0-cp312-cp312-musllinux_1_1_aarch64.whl", hash = "sha256:4dd8d8d092efede7d6f48d695ba2592046acd04ccf421436dd7ed52677a9ad29", size = 6103788, upload-time = "2025-06-09T10:03:48.053Z" },
    { url = "https://files.pythonhosted.org/packages/e7/c8/d381433d3d46d10f6858126d2d2245ef329e30f3752ce4514c93b95ca6fc/grpcio-1.73.0-cp312-cp312-musllinux_1_1_i686.whl", hash = "sha256:70176093d0a95b44d24baa9c034bb67bfe2b6b5f7ebc2836f4093c97010e17fd", size = 6749508, upload-time = "2025-06-09T10:03:51.185Z" },
    { url = "https://files.pythonhosted.org/packages/87/0a/ff0c31dbd15e63b34320efafac647270aa88c31aa19ff01154a73dc7ce86/grpcio-1.73.0-cp312-cp312-musllinux_1_1_x86_64.whl", hash = "sha256:085ebe876373ca095e24ced95c8f440495ed0b574c491f7f4f714ff794bbcd10", size = 6284342, upload-time = "2025-06-09T10:03:54.467Z" },
    { url = "https://files.pythonhosted.org/packages/fd/73/f762430c0ba867403b9d6e463afe026bf019bd9206eee753785239719273/grpcio-1.73.0-cp312-cp312-win32.whl", hash = "sha256:cfc556c1d6aef02c727ec7d0016827a73bfe67193e47c546f7cadd3ee6bf1a60", size = 3669319, upload-time = "2025-06-09T10:03:56.751Z" },
    { url = "https://files.pythonhosted.org/packages/10/8b/3411609376b2830449cf416f457ad9d2aacb7f562e1b90fdd8bdedf26d63/grpcio-1.73.0-cp312-cp312-win_amd64.whl", hash = "sha256:bbf45d59d090bf69f1e4e1594832aaf40aa84b31659af3c5e2c3f6a35202791a", size = 4335596, upload-time = "2025-06-09T10:03:59.866Z" },
    { url = "https://files.pythonhosted.org/packages/60/da/6f3f7a78e5455c4cbe87c85063cc6da05d65d25264f9d4aed800ece46294/grpcio-1.73.0-cp313-cp313-linux_armv7l.whl", hash = "sha256:da1d677018ef423202aca6d73a8d3b2cb245699eb7f50eb5f74cae15a8e1f724", size = 5335867, upload-time = "2025-06-09T10:04:03.153Z" },
    { url = "https://files.pythonhosted.org/packages/53/14/7d1f2526b98b9658d7be0bb163fd78d681587de6709d8b0c74b4b481b013/grpcio-1.73.0-cp313-cp313-macosx_11_0_universal2.whl", hash = "sha256:36bf93f6a657f37c131d9dd2c391b867abf1426a86727c3575393e9e11dadb0d", size = 10595587, upload-time = "2025-06-09T10:04:05.694Z" },
    { url = "https://files.pythonhosted.org/packages/02/24/a293c398ae44e741da1ed4b29638edbb002258797b07a783f65506165b4c/grpcio-1.73.0-cp313-cp313-manylinux_2_17_aarch64.whl", hash = "sha256:d84000367508ade791d90c2bafbd905574b5ced8056397027a77a215d601ba15", size = 5765793, upload-time = "2025-06-09T10:04:09.235Z" },
    { url = "https://files.pythonhosted.org/packages/e1/24/d84dbd0b5bf36fb44922798d525a85cefa2ffee7b7110e61406e9750ed15/grpcio-1.73.0-cp313-cp313-manylinux_2_17_i686.manylinux2014_i686.whl", hash = "sha256:c98ba1d928a178ce33f3425ff823318040a2b7ef875d30a0073565e5ceb058d9", size = 6415494, upload-time = "2025-06-09T10:04:12.377Z" },
    { url = "https://files.pythonhosted.org/packages/5e/85/c80dc65aed8e9dce3d54688864bac45331d9c7600985541f18bd5cb301d4/grpcio-1.73.0-cp313-cp313-manylinux_2_17_x86_64.manylinux2014_x86_64.whl", hash = "sha256:a73c72922dfd30b396a5f25bb3a4590195ee45ecde7ee068acb0892d2900cf07", size = 6007279, upload-time = "2025-06-09T10:04:14.878Z" },
    { url = "https://files.pythonhosted.org/packages/37/fc/207c00a4c6fa303d26e2cbd62fbdb0582facdfd08f55500fd83bf6b0f8db/grpcio-1.73.0-cp313-cp313-musllinux_1_1_aarch64.whl", hash = "sha256:10e8edc035724aba0346a432060fd192b42bd03675d083c01553cab071a28da5", size = 6105505, upload-time = "2025-06-09T10:04:17.39Z" },
    { url = "https://files.pythonhosted.org/packages/72/35/8fe69af820667b87ebfcb24214e42a1d53da53cb39edd6b4f84f6b36da86/grpcio-1.73.0-cp313-cp313-musllinux_1_1_i686.whl", hash = "sha256:f5cdc332b503c33b1643b12ea933582c7b081957c8bc2ea4cc4bc58054a09288", size = 6753792, upload-time = "2025-06-09T10:04:19.989Z" },
    { url = "https://files.pythonhosted.org/packages/e2/d8/738c77c1e821e350da4a048849f695ff88a02b291f8c69db23908867aea6/grpcio-1.73.0-cp313-cp313-musllinux_1_1_x86_64.whl", hash = "sha256:07ad7c57233c2109e4ac999cb9c2710c3b8e3f491a73b058b0ce431f31ed8145", size = 6287593, upload-time = "2025-06-09T10:04:22.878Z" },
    { url = "https://files.pythonhosted.org/packages/09/ec/8498eabc018fa39ae8efe5e47e3f4c1bc9ed6281056713871895dc998807/grpcio-1.73.0-cp313-cp313-win32.whl", hash = "sha256:0eb5df4f41ea10bda99a802b2a292d85be28958ede2a50f2beb8c7fc9a738419", size = 3668637, upload-time = "2025-06-09T10:04:25.787Z" },
    { url = "https://files.pythonhosted.org/packages/d7/35/347db7d2e7674b621afd21b12022e7f48c7b0861b5577134b4e939536141/grpcio-1.73.0-cp313-cp313-win_amd64.whl", hash = "sha256:38cf518cc54cd0c47c9539cefa8888549fcc067db0b0c66a46535ca8032020c4", size = 4335872, upload-time = "2025-06-09T10:04:29.032Z" },
]

[[package]]
name = "weebiee-analysis"
version = "0.1.0"
source = { virtual = "." }
dependencies = [
    { name = "grpcio" },
]

[package.metadata]
requires-dist = [{ name = "grpcio", specifier = ">=1.73.0" }]
